
Microsoft Visual Studio Solution File, Format Version 12.00
# Visual Studio Version 17
VisualStudioVersion = 17.8.34330.188
MinimumVisualStudioVersion = 10.0.40219.1
Project("{8BC9CEB8-8B4A-11D0-8D11-00A0C91BC942}") = "parser", "parser\parser.vcxproj", "{315DD7CE-E5D8-4653-A0E1-5FEA5FEC04A0}"
EndProject
Project("{8BC9CEB8-8B4A-11D0-8D11-00A0C91BC942}") = "parser_ut", "parser_ut\parser_ut.vcxproj", "{603B84BB-FF35-44DB-80EF-8AA970A3AA93}"
EndProject
Project("{8BC9CEB8-8B4A-11D0-8D11-00A0C91BC942}") = "nclangsrv", "nclangsrv\nclangsrv.vcxproj", "{A6FF0D26-6DF4-40DA-A668-76CC06421CD0}"
	ProjectSection(ProjectDependencies) = postProject
		{315DD7CE-E5D8-4653-A0E1-5FEA5FEC04A0} = {315DD7CE-E5D8-4653-A0E1-5FEA5FEC04A0}
	EndProjectSection
EndProject
Project("{FAE04EC0-301F-11D3-BF4B-00C04F79EFBC}") = "cmtconfig", "cmtconfig\cmtconfig.csproj", "{7AD8CD8B-979D-465A-AA10-29C3F81332F1}"
EndProject
Global
	GlobalSection(SolutionConfigurationPlatforms) = preSolution
		Debug|Any CPU = Debug|Any CPU
		Debug|x64 = Debug|x64
		Debug|x86 = Debug|x86
		Release|Any CPU = Release|Any CPU
		Release|x64 = Release|x64
		Release|x86 = Release|x86
	EndGlobalSection
	GlobalSection(ProjectConfigurationPlatforms) = postSolution
		{315DD7CE-E5D8-4653-A0E1-5FEA5FEC04A0}.Debug|Any CPU.ActiveCfg = Debug|Win32
		{315DD7CE-E5D8-4653-A0E1-5FEA5FEC04A0}.Debug|x64.ActiveCfg = Debug|x64
		{315DD7CE-E5D8-4653-A0E1-5FEA5FEC04A0}.Debug|x64.Build.0 = Debug|x64
		{315DD7CE-E5D8-4653-A0E1-5FEA5FEC04A0}.Debug|x86.ActiveCfg = Debug|Win32
		{315DD7CE-E5D8-4653-A0E1-5FEA5FEC04A0}.Debug|x86.Build.0 = Debug|Win32
		{315DD7CE-E5D8-4653-A0E1-5FEA5FEC04A0}.Release|Any CPU.ActiveCfg = Release|Win32
		{315DD7CE-E5D8-4653-A0E1-5FEA5FEC04A0}.Release|x64.ActiveCfg = Release|x64
		{315DD7CE-E5D8-4653-A0E1-5FEA5FEC04A0}.Release|x64.Build.0 = Release|x64
		{315DD7CE-E5D8-4653-A0E1-5FEA5FEC04A0}.Release|x86.ActiveCfg = Release|Win32
		{315DD7CE-E5D8-4653-A0E1-5FEA5FEC04A0}.Release|x86.Build.0 = Release|Win32
		{603B84BB-FF35-44DB-80EF-8AA970A3AA93}.Debug|Any CPU.ActiveCfg = Debug|Win32
		{603B84BB-FF35-44DB-80EF-8AA970A3AA93}.Debug|x64.ActiveCfg = Debug|x64
		{603B84BB-FF35-44DB-80EF-8AA970A3AA93}.Debug|x64.Build.0 = Debug|x64
		{603B84BB-FF35-44DB-80EF-8AA970A3AA93}.Debug|x86.ActiveCfg = Debug|Win32
		{603B84BB-FF35-44DB-80EF-8AA970A3AA93}.Debug|x86.Build.0 = Debug|Win32
		{603B84BB-FF35-44DB-80EF-8AA970A3AA93}.Release|Any CPU.ActiveCfg = Release|Win32
		{603B84BB-FF35-44DB-80EF-8AA970A3AA93}.Release|x64.ActiveCfg = Release|x64
		{603B84BB-FF35-44DB-80EF-8AA970A3AA93}.Release|x64.Build.0 = Release|x64
		{603B84BB-FF35-44DB-80EF-8AA970A3AA93}.Release|x86.ActiveCfg = Release|Win32
		{603B84BB-FF35-44DB-80EF-8AA970A3AA93}.Release|x86.Build.0 = Release|Win32
		{A6FF0D26-6DF4-40DA-A668-76CC06421CD0}.Debug|Any CPU.ActiveCfg = Debug|Win32
		{A6FF0D26-6DF4-40DA-A668-76CC06421CD0}.Debug|x64.ActiveCfg = Debug|x64
		{A6FF0D26-6DF4-40DA-A668-76CC06421CD0}.Debug|x64.Build.0 = Debug|x64
		{A6FF0D26-6DF4-40DA-A668-76CC06421CD0}.Debug|x86.ActiveCfg = Debug|Win32
		{A6FF0D26-6DF4-40DA-A668-76CC06421CD0}.Debug|x86.Build.0 = Debug|Win32
		{A6FF0D26-6DF4-40DA-A668-76CC06421CD0}.Release|Any CPU.ActiveCfg = Release|Win32
		{A6FF0D26-6DF4-40DA-A668-76CC06421CD0}.Release|x64.ActiveCfg = Release|x64
		{A6FF0D26-6DF4-40DA-A668-76CC06421CD0}.Release|x64.Build.0 = Release|x64
		{A6FF0D26-6DF4-40DA-A668-76CC06421CD0}.Release|x86.ActiveCfg = Release|Win32
		{A6FF0D26-6DF4-40DA-A668-76CC06421CD0}.Release|x86.Build.0 = Release|Win32
		{7AD8CD8B-979D-465A-AA10-29C3F81332F1}.Debug|Any CPU.ActiveCfg = Debug|Any CPU
		{7AD8CD8B-979D-465A-AA10-29C3F81332F1}.Debug|Any CPU.Build.0 = Debug|Any CPU
		{7AD8CD8B-979D-465A-AA10-29C3F81332F1}.Debug|x64.ActiveCfg = Debug|Any CPU
		{7AD8CD8B-979D-465A-AA10-29C3F81332F1}.Debug|x64.Build.0 = Debug|Any CPU
		{7AD8CD8B-979D-465A-AA10-29C3F81332F1}.Debug|x86.ActiveCfg = Debug|Any CPU
		{7AD8CD8B-979D-465A-AA10-29C3F81332F1}.Debug|x86.Build.0 = Debug|Any CPU
		{7AD8CD8B-979D-465A-AA10-29C3F81332F1}.Release|Any CPU.ActiveCfg = Release|Any CPU
		{7AD8CD8B-979D-465A-AA10-29C3F81332F1}.Release|Any CPU.Build.0 = Release|Any CPU
		{7AD8CD8B-979D-465A-AA10-29C3F81332F1}.Release|x64.ActiveCfg = Release|Any CPU
		{7AD8CD8B-979D-465A-AA10-29C3F81332F1}.Release|x64.Build.0 = Release|Any CPU
		{7AD8CD8B-979D-465A-AA10-29C3F81332F1}.Release|x86.ActiveCfg = Release|Any CPU
		{7AD8CD8B-979D-465A-AA10-29C3F81332F1}.Release|x86.Build.0 = Release|Any CPU
	EndGlobalSection
	GlobalSection(SolutionProperties) = preSolution
		HideSolutionNode = FALSE
	EndGlobalSection
	GlobalSection(ExtensibilityGlobals) = postSolution
		SolutionGuid = {D29A7740-1CE0-4FD3-81D9-F71B2964D050}
	EndGlobalSection
EndGlobal
